{
  "name": "@quartz-community/og-image",
  "version": "0.1.1",
  "lockfileVersion": 3,
  "requires": true,
  "packages": {
    "": {
      "name": "@quartz-community/og-image",
      "version": "0.1.1",
      "license": "MIT",
      "dependencies": {
        "@quartz-community/types": "^0.2.1",
        "@quartz-community/utils": "^0.1.0"
      },
      "devDependencies": {
        "@types/hast": "^3.0.4",
        "@types/mdast": "^4.0.4",
        "@types/node": "^24.10.0",
        "@typescript-eslint/eslint-plugin": "^7.18.0",
        "@typescript-eslint/parser": "^7.18.0",
        "eslint": "^8.57.0",
        "eslint-config-prettier": "^9.1.0",
        "github-slugger": "^2.0.0",
        "hast-util-to-jsx-runtime": "^2.3.6",
        "preact": "^10.28.2",
        "prettier": "^3.6.2",
        "reading-time": "^1.5.0",
        "satori": "^0.12.0",
        "sharp": "^0.34.5",
        "tsup": "^8.5.0",
        "typescript": "^5.9.3",
        "vfile": "^6.0.3",
        "vitest": "^2.1.9"
      },
      "engines": {
        "node": ">=22",
        "npm": ">=10.9.2"
      },
      "peerDependencies": {
        "preact": "^10.0.0",
        "sharp": ">=0.33.0",
        "vfile": "^6.0.3"
      },
      "peerDependenciesMeta": {
        "preact": {
          "optional": false
        },
        "sharp": {
          "optional": true
        },
        "vfile": {
          "optional": true
        }
      }
    },
    "../../node_modules/.pnpm/@types+hast@3.0.5/node_modules/@types/hast": {
      "version": "3.0.5",
      "dev": true,
      "license": "MIT",
      "dependencies": {
        "@types/unist": "*"
      }
    },
    "../../node_modules/.pnpm/@types+mdast@4.0.4/node_modules/@types/mdast": {
      "version": "4.0.4",
      "dev": true,
      "license": "MIT",
      "dependencies": {
        "@types/unist": "*"
      }
    },
    "../../node_modules/.pnpm/@types+node@24.13.3/node_modules/@types/node": {
      "version": "24.13.3",
      "dev": true,
      "license": "MIT",
      "dependencies": {
        "undici-types": "~7.18.0"
      }
    },
    "../../node_modules/.pnpm/@typescript-eslint+eslint-plugin@7.18.0_@typescript-eslint+parser@7.18.0_eslint@8.57.1__8913d4bf05924a02a609c10a2088d6a4/node_modules/@typescript-eslint/eslint-plugin": {
      "version": "7.18.0",
      "dev": true,
      "license": "MIT",
      "dependencies": {
        "@eslint-community/regexpp": "^4.10.0",
        "@typescript-eslint/scope-manager": "7.18.0",
        "@typescript-eslint/type-utils": "7.18.0",
        "@typescript-eslint/utils": "7.18.0",
        "@typescript-eslint/visitor-keys": "7.18.0",
        "graphemer": "^1.4.0",
        "ignore": "^5.3.1",
        "natural-compare": "^1.4.0",
        "ts-api-utils": "^1.3.0"
      },
      "devDependencies": {
        "@jest/types": "29.6.3",
        "@types/marked": "^5.0.2",
        "@types/mdast": "^4.0.3",
        "@types/natural-compare": "*",
        "@typescript-eslint/rule-schema-to-typescript-types": "7.18.0",
        "@typescript-eslint/rule-tester": "7.18.0",
        "ajv": "^6.12.6",
        "cross-env": "^7.0.3",
        "cross-fetch": "*",
        "eslint": "*",
        "espree": "^10.0.1",
        "jest": "29.7.0",
        "jest-specific-snapshot": "^8.0.0",
        "json-schema": "*",
        "markdown-table": "^3.0.3",
        "marked": "^5.1.2",
        "mdast-util-from-markdown": "^2.0.0",
        "mdast-util-mdx": "^3.0.0",
        "micromark-extension-mdxjs": "^3.0.0",
        "prettier": "^3.2.5",
        "rimraf": "*",
        "title-case": "^3.0.3",
        "tsx": "*",
        "typescript": "*",
        "unist-util-visit": "^5.0.0"
      },
      "engines": {
        "node": "^18.18.0 || >=20.0.0"
      },
      "funding": {
        "type": "opencollective",
        "url": "https://opencollective.com/typescript-eslint"
      },
      "peerDependencies": {
        "@typescript-eslint/parser": "^7.0.0",
        "eslint": "^8.56.0"
      },
      "peerDependenciesMeta": {
        "typescript": {
          "optional": true
        }
      }
    },
    "../../node_modules/.pnpm/@typescript-eslint+parser@7.18.0_eslint@8.57.1_typescript@5.9.3/node_modules/@typescript-eslint/parser": {
      "version": "7.18.0",
      "dev": true,
      "license": "BSD-2-Clause",
      "dependencies": {
        "@typescript-eslint/scope-manager": "7.18.0",
        "@typescript-eslint/types": "7.18.0",
        "@typescript-eslint/typescript-estree": "7.18.0",
        "@typescript-eslint/visitor-keys": "7.18.0",
        "debug": "^4.3.4"
      },
      "devDependencies": {
        "@jest/types": "29.6.3",
        "@types/glob": "*",
        "downlevel-dts": "*",
        "glob": "*",
        "jest": "29.7.0",
        "prettier": "^3.2.5",
        "rimraf": "*",
        "typescript": "*"
      },
      "engines": {
        "node": "^18.18.0 || >=20.0.0"
      },
      "funding": {
        "type": "opencollective",
        "url": "https://opencollective.com/typescript-eslint"
      },
      "peerDependencies": {
        "eslint": "^8.56.0"
      },
      "peerDependenciesMeta": {
        "typescript": {
          "optional": true
        }
      }
    },
    "../../node_modules/.pnpm/eslint-config-prettier@9.1.2_eslint@8.57.1/node_modules/eslint-config-prettier": {
      "version": "9.1.2",
      "dev": true,
      "license": "MIT",
      "bin": {
        "eslint-config-prettier": "bin/cli.js"
      },
      "peerDependencies": {
        "eslint": ">=7.0.0"
      }
    },
    "../../node_modules/.pnpm/eslint@8.57.1/node_modules/eslint": {
      "version": "8.57.1",
      "dev": true,
      "license": "MIT",
      "dependencies": {
        "@eslint-community/eslint-utils": "^4.2.0",
        "@eslint-community/regexpp": "^4.6.1",
        "@eslint/eslintrc": "^2.1.4",
        "@eslint/js": "8.57.1",
        "@humanwhocodes/config-array": "^0.13.0",
        "@humanwhocodes/module-importer": "^1.0.1",
        "@nodelib/fs.walk": "^1.2.8",
        "@ungap/structured-clone": "^1.2.0",
        "ajv": "^6.12.4",
        "chalk": "^4.0.0",
        "cross-spawn": "^7.0.2",
        "debug": "^4.3.2",
        "doctrine": "^3.0.0",
        "escape-string-regexp": "^4.0.0",
        "eslint-scope": "^7.2.2",
        "eslint-visitor-keys": "^3.4.3",
        "espree": "^9.6.1",
        "esquery": "^1.4.2",
        "esutils": "^2.0.2",
        "fast-deep-equal": "^3.1.3",
        "file-entry-cache": "^6.0.1",
        "find-up": "^5.0.0",
        "glob-parent": "^6.0.2",
        "globals": "^13.19.0",
        "graphemer": "^1.4.0",
        "ignore": "^5.2.0",
        "imurmurhash": "^0.1.4",
        "is-glob": "^4.0.0",
        "is-path-inside": "^3.0.3",
        "js-yaml": "^4.1.0",
        "json-stable-stringify-without-jsonify": "^1.0.1",
        "levn": "^0.4.1",
        "lodash.merge": "^4.6.2",
        "minimatch": "^3.1.2",
        "natural-compare": "^1.4.0",
        "optionator": "^0.9.3",
        "strip-ansi": "^6.0.1",
        "text-table": "^0.2.0"
      },
      "bin": {
        "eslint": "bin/eslint.js"
      },
      "devDependencies": {
        "@babel/core": "^7.4.3",
        "@babel/preset-env": "^7.4.3",
        "@sinonjs/fake-timers": "11.2.2",
        "@wdio/browser-runner": "^8.14.6",
        "@wdio/cli": "^8.14.6",
        "@wdio/concise-reporter": "^8.14.0",
        "@wdio/globals": "^8.14.6",
        "@wdio/mocha-framework": "^8.14.0",
        "babel-loader": "^8.0.5",
        "c8": "^7.12.0",
        "chai": "^4.0.1",
        "cheerio": "^0.22.0",
        "common-tags": "^1.8.0",
        "core-js": "^3.1.3",
        "ejs": "^3.0.2",
        "eslint": "file:.",
        "eslint-config-eslint": "file:packages/eslint-config-eslint",
        "eslint-plugin-eslint-comments": "^3.2.0",
        "eslint-plugin-eslint-plugin": "^5.2.1",
        "eslint-plugin-internal-rules": "file:tools/internal-rules",
        "eslint-plugin-jsdoc": "^46.2.5",
        "eslint-plugin-n": "^16.6.0",
        "eslint-plugin-unicorn": "^49.0.0",
        "eslint-release": "^3.3.0",
        "eslump": "^3.0.0",
        "esprima": "^4.0.1",
        "fast-glob": "^3.2.11",
        "fs-teardown": "^0.1.3",
        "glob": "^7.1.6",
        "got": "^11.8.3",
        "gray-matter": "^4.0.3",
        "lint-staged": "^11.0.0",
        "load-perf": "^0.2.0",
        "markdown-it": "^12.2.0",
        "markdown-it-container": "^3.0.0",
        "markdownlint": "^0.32.0",
        "markdownlint-cli": "^0.37.0",
        "marked": "^4.0.8",
        "memfs": "^3.0.1",
        "metascraper": "^5.25.7",
        "metascraper-description": "^5.25.7",
        "metascraper-image": "^5.29.3",
        "metascraper-logo": "^5.25.7",
        "metascraper-logo-favicon": "^5.25.7",
        "metascraper-title": "^5.25.7",
        "mocha": "^8.3.2",
        "mocha-junit-reporter": "^2.0.0",
        "node-polyfill-webpack-plugin": "^1.0.3",
        "npm-license": "^0.3.3",
        "pirates": "^4.0.5",
        "progress": "^2.0.3",
        "proxyquire": "^2.0.1",
        "recast": "^0.23.0",
        "regenerator-runtime": "^0.14.0",
        "rollup-plugin-node-polyfills": "^0.2.1",
        "semver": "^7.5.3",
        "shelljs": "^0.8.2",
        "sinon": "^11.0.0",
        "vite-plugin-commonjs": "0.10.1",
        "webdriverio": "^8.14.6",
        "webpack": "^5.23.0",
        "webpack-cli": "^4.5.0",
        "yorkie": "^2.0.0"
      },
      "engines": {
        "node": "^12.22.0 || ^14.17.0 || >=16.0.0"
      },
      "funding": {
        "url": "https://opencollective.com/eslint"
      }
    },
    "../../node_modules/.pnpm/github-slugger@2.0.0/node_modules/github-slugger": {
      "version": "2.0.0",
      "dev": true,
      "license": "ISC",
      "devDependencies": {
        "@octokit/rest": "^19.0.0",
        "@types/regenerate": "^1.0.0",
        "@types/tape": "^4.0.0",
        "@unicode/unicode-13.0.0": "^1.0.0",
        "c8": "^7.0.0",
        "hast-util-select": "^5.0.0",
        "mdast-util-gfm": "^2.0.0",
        "mdast-util-to-markdown": "^1.0.0",
        "node-fetch": "^3.0.0",
        "regenerate": "^1.0.0",
        "rehype-parse": "^8.0.0",
        "rimraf": "^3.0.0",
        "standard": "*",
        "tap-spec": "^5.0.0",
        "tape": "^5.0.0",
        "type-coverage": "^2.0.0",
        "typescript": "^4.0.0",
        "unified": "^10.0.0"
      }
    },
    "../../node_modules/.pnpm/hast-util-to-jsx-runtime@2.3.6/node_modules/hast-util-to-jsx-runtime": {
      "version": "2.3.6",
      "dev": true,
      "license": "MIT",
      "dependencies": {
        "@types/estree": "^1.0.0",
        "@types/hast": "^3.0.0",
        "@types/unist": "^3.0.0",
        "comma-separated-tokens": "^2.0.0",
        "devlop": "^1.0.0",
        "estree-util-is-identifier-name": "^3.0.0",
        "hast-util-whitespace": "^3.0.0",
        "mdast-util-mdx-expression": "^2.0.0",
        "mdast-util-mdx-jsx": "^3.0.0",
        "mdast-util-mdxjs-esm": "^2.0.0",
        "property-information": "^7.0.0",
        "space-separated-tokens": "^2.0.0",
        "style-to-js": "^1.0.0",
        "unist-util-position": "^5.0.0",
        "vfile-message": "^4.0.0"
      },
      "devDependencies": {
        "@types/node": "^22.0.0",
        "@types/react": "^19.0.0",
        "@types/react-dom": "^19.0.0",
        "c8": "^10.0.0",
        "esbuild": "^0.25.0",
        "estree-util-visit": "^2.0.0",
        "hastscript": "^9.0.0",
        "prettier": "^3.0.0",
        "react": "^19.0.0",
        "react-dom": "^19.0.0",
        "remark-cli": "^12.0.0",
        "remark-preset-wooorm": "^11.0.0",
        "sval": "^0.6.0",
        "type-coverage": "^2.0.0",
        "typescript": "^5.0.0",
        "xo": "^0.60.0"
      },
      "funding": {
        "type": "opencollective",
        "url": "https://opencollective.com/unified"
      }
    },
    "../../node_modules/.pnpm/hast@0.0.2/node_modules/hast": {
      "version": "0.0.2",
      "dev": true,
      "license": "MIT",
      "dependencies": {
        "bail": "^1.0.0",
        "camelcase": "^1.2.1",
        "ent": "^2.2.0",
        "escape-html": "^1.0.3",
        "htmlparser2": "^3.8.3",
        "param-case": "^1.1.1",
        "property-information": "^2.0.0",
        "trim": "0.0.1",
        "unified": "^2.1.0"
      },
      "devDependencies": {
        "eslint": "^1.4.1",
        "istanbul": "^0.3.21",
        "jscs": "^2.1.1",
        "jscs-jsdoc": "^1.2.0",
        "mdast": "^2.0.0",
        "mdast-comment-config": "^1.0.0",
        "mdast-github": "^1.0.0",
        "mdast-lint": "^1.1.1",
        "mdast-slug": "^2.0.0",
        "mdast-validate-links": "^1.1.1",
        "tape": "^4.2.0",
        "unist-util-visit": "^1.0.0"
      }
    },
    "../../node_modules/.pnpm/preact@10.29.7_preact-render-to-string@6.7.0/node_modules/preact": {
      "version": "10.29.7",
      "license": "MIT",
      "peer": true,
      "devDependencies": {
        "@actions/github": "^6.0.0",
        "@actions/glob": "^0.5.0",
        "@babel/core": "^7.26.0",
        "@babel/plugin-transform-react-jsx": "^7.25.9",
        "@babel/plugin-transform-react-jsx-source": "^7.25.9",
        "@babel/preset-env": "^7.26.0",
        "@babel/register": "^7.25.9",
        "@types/chai": "^5.0.1",
        "@types/mocha": "^10.0.0",
        "@types/node": "^18.19.87",
        "@types/sinon": "^17.0.3",
        "@vitest/browser": "^3.2.1",
        "@vitest/coverage-istanbul": "^3.2.1",
        "babel-plugin-transform-rename-properties": "0.1.0",
        "chai": "^5.2.0",
        "coveralls": "^3.1.1",
        "cross-env": "^7.0.3",
        "errorstacks": "^2.4.1",
        "esbuild": "^0.24.0",
        "husky": "^9.1.7",
        "kolorist": "^1.8.0",
        "microbundle": "^0.15.1",
        "mocha": "^11.0.0",
        "npm-run-all2": "^7.0.0",
        "oxfmt": "^0.32.0",
        "oxlint": "^0.15.12",
        "playwright": "^1.52.0",
        "preact-render-to-string": "^6.5.0",
        "prop-types": "^15.8.1",
        "sade": "^1.8.1",
        "sinon": "^19.0.2",
        "sinon-chai": "^4.0.0",
        "terser": "5.16.0",
        "typescript": "5.1.6",
        "undici": "^4.12.0",
        "vite": "^6.2.0",
        "vitest": "^3.2.1"
      },
      "funding": {
        "type": "opencollective",
        "url": "https://opencollective.com/preact"
      },
      "peerDependencies": {
        "preact-render-to-string": ">=5"
      },
      "peerDependenciesMeta": {
        "preact-render-to-string": {
          "optional": true
        }
      }
    },
    "../../node_modules/.pnpm/prettier@3.9.6/node_modules/prettier": {
      "version": "3.9.6",
      "dev": true,
      "license": "MIT",
      "bin": {
        "prettier": "bin/prettier.cjs"
      },
      "engines": {
        "node": ">=14"
      },
      "funding": {
        "url": "https://github.com/prettier/prettier?sponsor=1"
      }
    },
    "../../node_modules/.pnpm/reading-time@1.5.0/node_modules/reading-time": {
      "version": "1.5.0",
      "dev": true,
      "license": "MIT",
      "devDependencies": {
        "chai": "^4.1.0",
        "curry": "^1.2.0",
        "eslint": "^3.8.1",
        "eslint-config-ngryman": "^1.7.0",
        "mocha": "^9.0.3",
        "onchange": "^7.1.0"
      }
    },
    "../../node_modules/.pnpm/satori@0.12.2/node_modules/satori": {
      "version": "0.12.2",
      "dev": true,
      "license": "MPL-2.0",
      "dependencies": {
        "@shuding/opentype.js": "1.4.0-beta.0",
        "css-background-parser": "^0.1.0",
        "css-box-shadow": "1.0.0-3",
        "css-gradient-parser": "^0.0.16",
        "css-to-react-native": "^3.0.0",
        "emoji-regex": "^10.2.1",
        "escape-html": "^1.0.3",
        "linebreak": "^1.1.0",
        "parse-css-color": "^0.2.1",
        "postcss-value-parser": "^4.2.0",
        "yoga-wasm-web": "^0.3.3"
      },
      "devDependencies": {
        "@resvg/resvg-js": "^2.1.0",
        "@types/node": "^16",
        "@types/opentype.js": "^1.3.3",
        "@types/react": "^17.0.38",
        "@typescript-eslint/eslint-plugin": "^5.40.0",
        "@typescript-eslint/parser": "^5.40.0",
        "@vitest/coverage-v8": "^0.32.0",
        "@vitest/ui": "^0.32.0",
        "concurrently": "^7.3.0",
        "esbuild-plugin-replace": "^1.2.0",
        "eslint": "^8.25.0",
        "eslint-plugin-react": "^7.31.10",
        "eslint-plugin-react-hooks": "^4.6.0",
        "husky": "8.0.3",
        "jest-image-snapshot": "^6.1.0",
        "lint-staged": "13.1.0",
        "prettier": "^2.7.1",
        "react": "^17.0.2",
        "tsup": "^7.1.0",
        "turbo": "^1.6.3",
        "twrnc": "^3.4.0",
        "typescript": "^5",
        "vitest": "^0.32.0"
      },
      "engines": {
        "node": ">=16"
      }
    },
    "../../node_modules/.pnpm/sharp@0.34.5/node_modules/sharp": {
      "version": "0.34.5",
      "dev": true,
      "hasInstallScript": true,
      "license": "Apache-2.0",
      "dependencies": {
        "@img/colour": "^1.0.0",
        "detect-libc": "^2.1.2",
        "semver": "^7.7.3"
      },
      "devDependencies": {
        "@biomejs/biome": "^2.3.4",
        "@cpplint/cli": "^0.1.0",
        "@emnapi/runtime": "^1.7.0",
        "@img/sharp-libvips-dev": "1.2.4",
        "@img/sharp-libvips-dev-wasm32": "1.2.4",
        "@img/sharp-libvips-win32-arm64": "1.2.4",
        "@img/sharp-libvips-win32-ia32": "1.2.4",
        "@img/sharp-libvips-win32-x64": "1.2.4",
        "@types/node": "*",
        "emnapi": "^1.7.0",
        "exif-reader": "^2.0.2",
        "extract-zip": "^2.0.1",
        "icc": "^3.0.0",
        "jsdoc-to-markdown": "^9.1.3",
        "node-addon-api": "^8.5.0",
        "node-gyp": "^11.5.0",
        "tar-fs": "^3.1.1",
        "tsd": "^0.33.0"
      },
      "engines": {
        "node": "^18.17.0 || ^20.3.0 || >=21.0.0"
      },
      "funding": {
        "url": "https://opencollective.com/libvips"
      },
      "optionalDependencies": {
        "@img/sharp-darwin-arm64": "0.34.5",
        "@img/sharp-darwin-x64": "0.34.5",
        "@img/sharp-libvips-darwin-arm64": "1.2.4",
        "@img/sharp-libvips-darwin-x64": "1.2.4",
        "@img/sharp-libvips-linux-arm": "1.2.4",
        "@img/sharp-libvips-linux-arm64": "1.2.4",
        "@img/sharp-libvips-linux-ppc64": "1.2.4",
        "@img/sharp-libvips-linux-riscv64": "1.2.4",
        "@img/sharp-libvips-linux-s390x": "1.2.4",
        "@img/sharp-libvips-linux-x64": "1.2.4",
        "@img/sharp-libvips-linuxmusl-arm64": "1.2.4",
        "@img/sharp-libvips-linuxmusl-x64": "1.2.4",
        "@img/sharp-linux-arm": "0.34.5",
        "@img/sharp-linux-arm64": "0.34.5",
        "@img/sharp-linux-ppc64": "0.34.5",
        "@img/sharp-linux-riscv64": "0.34.5",
        "@img/sharp-linux-s390x": "0.34.5",
        "@img/sharp-linux-x64": "0.34.5",
        "@img/sharp-linuxmusl-arm64": "0.34.5",
        "@img/sharp-linuxmusl-x64": "0.34.5",
        "@img/sharp-wasm32": "0.34.5",
        "@img/sharp-win32-arm64": "0.34.5",
        "@img/sharp-win32-ia32": "0.34.5",
        "@img/sharp-win32-x64": "0.34.5"
      }
    },
    "../../node_modules/.pnpm/tsup@8.5.1_postcss@8.5.22_tsx@4.23.1_typescript@5.9.3_yaml@2.9.0/node_modules/tsup": {
      "version": "8.5.1",
      "dev": true,
      "license": "MIT",
      "dependencies": {
        "bundle-require": "^5.1.0",
        "cac": "^6.7.14",
        "chokidar": "^4.0.3",
        "consola": "^3.4.0",
        "debug": "^4.4.0",
        "esbuild": "^0.27.0",
        "fix-dts-default-cjs-exports": "^1.0.0",
        "joycon": "^3.1.1",
        "picocolors": "^1.1.1",
        "postcss-load-config": "^6.0.1",
        "resolve-from": "^5.0.0",
        "rollup": "^4.34.8",
        "source-map": "^0.7.6",
        "sucrase": "^3.35.0",
        "tinyexec": "^0.3.2",
        "tinyglobby": "^0.2.11",
        "tree-kill": "^1.2.2"
      },
      "bin": {
        "tsup": "dist/cli-default.js",
        "tsup-node": "dist/cli-node.js"
      },
      "devDependencies": {
        "@microsoft/api-extractor": "^7.50.0",
        "@rollup/plugin-json": "6.1.0",
        "@swc/core": "1.10.18",
        "@types/debug": "4.1.12",
        "@types/node": "22.13.4",
        "@types/resolve": "1.20.6",
        "bumpp": "^10.0.3",
        "flat": "6.0.1",
        "postcss": "8.5.2",
        "postcss-simple-vars": "7.0.1",
        "prettier": "3.5.1",
        "resolve": "1.22.10",
        "rollup-plugin-dts": "6.1.1",
        "sass": "1.85.0",
        "strip-json-comments": "5.0.1",
        "svelte": "5.19.9",
        "svelte-preprocess": "6.0.3",
        "terser": "^5.39.0",
        "ts-essentials": "10.0.4",
        "tsup": "8.3.6",
        "typescript": "5.7.3",
        "vitest": "3.0.6",
        "wait-for-expect": "3.0.2"
      },
      "engines": {
        "node": ">=18"
      },
      "peerDependencies": {
        "@microsoft/api-extractor": "^7.36.0",
        "@swc/core": "^1",
        "postcss": "^8.4.12",
        "typescript": ">=4.5.0"
      },
      "peerDependenciesMeta": {
        "@microsoft/api-extractor": {
          "optional": true
        },
        "@swc/core": {
          "optional": true
        },
        "postcss": {
          "optional": true
        },
        "typescript": {
          "optional": true
        }
      }
    },
    "../../node_modules/.pnpm/typescript@5.9.3/node_modules/typescript": {
      "version": "5.9.3",
      "dev": true,
      "license": "Apache-2.0",
      "bin": {
        "tsc": "bin/tsc",
        "tsserver": "bin/tsserver"
      },
      "devDependencies": {
        "@dprint/formatter": "^0.4.1",
        "@dprint/typescript": "0.93.4",
        "@esfx/canceltoken": "^1.0.0",
        "@eslint/js": "^9.20.0",
        "@octokit/rest": "^21.1.1",
        "@types/chai": "^4.3.20",
        "@types/diff": "^7.0.1",
        "@types/minimist": "^1.2.5",
        "@types/mocha": "^10.0.10",
        "@types/ms": "^0.7.34",
        "@types/node": "latest",
        "@types/source-map-support": "^0.5.10",
        "@types/which": "^3.0.4",
        "@typescript-eslint/rule-tester": "^8.24.1",
        "@typescript-eslint/type-utils": "^8.24.1",
        "@typescript-eslint/utils": "^8.24.1",
        "azure-devops-node-api": "^14.1.0",
        "c8": "^10.1.3",
        "chai": "^4.5.0",
        "chokidar": "^4.0.3",
        "diff": "^7.0.0",
        "dprint": "^0.49.0",
        "esbuild": "^0.25.0",
        "eslint": "^9.20.1",
        "eslint-formatter-autolinkable-stylish": "^1.4.0",
        "eslint-plugin-regexp": "^2.7.0",
        "fast-xml-parser": "^4.5.2",
        "glob": "^10.4.5",
        "globals": "^15.15.0",
        "hereby": "^1.10.0",
        "jsonc-parser": "^3.3.1",
        "knip": "^5.44.4",
        "minimist": "^1.2.8",
        "mocha": "^10.8.2",
        "mocha-fivemat-progress-reporter": "^0.1.0",
        "monocart-coverage-reports": "^2.12.1",
        "ms": "^2.1.3",
        "picocolors": "^1.1.1",
        "playwright": "^1.50.1",
        "source-map-support": "^0.5.21",
        "tslib": "^2.8.1",
        "typescript": "^5.7.3",
        "typescript-eslint": "^8.24.1",
        "which": "^3.0.1"
      },
      "engines": {
        "node": ">=14.17"
      }
    },
    "../../node_modules/.pnpm/unified@11.0.5/node_modules/unified": {
      "version": "11.0.5",
      "license": "MIT",
      "dependencies": {
        "@types/unist": "^3.0.0",
        "bail": "^2.0.0",
        "devlop": "^1.0.0",
        "extend": "^3.0.0",
        "is-plain-obj": "^4.0.0",
        "trough": "^2.0.0",
        "vfile": "^6.0.0"
      },
      "devDependencies": {
        "@types/extend": "^3.0.0",
        "@types/hast": "^3.0.0",
        "@types/mdast": "^4.0.0",
        "@types/node": "^20.0.0",
        "c8": "^10.0.0",
        "prettier": "^3.0.0",
        "remark-cli": "^12.0.0",
        "remark-preset-wooorm": "^10.0.0",
        "tsd": "^0.31.0",
        "type-coverage": "^2.0.0",
        "typescript": "^5.0.0",
        "xo": "^0.58.0"
      },
      "funding": {
        "type": "opencollective",
        "url": "https://opencollective.com/unified"
      }
    },
    "../../node_modules/.pnpm/vfile@6.0.3/node_modules/vfile": {
      "version": "6.0.3",
      "license": "MIT",
      "dependencies": {
        "@types/unist": "^3.0.0",
        "vfile-message": "^4.0.0"
      },
      "devDependencies": {
        "@types/node": "^22.0.0",
        "c8": "^10.0.0",
        "prettier": "^3.0.0",
        "remark-cli": "^12.0.0",
        "remark-preset-wooorm": "^10.0.0",
        "type-coverage": "^2.0.0",
        "typescript": "^5.0.0",
        "xo": "^0.59.0"
      },
      "funding": {
        "type": "opencollective",
        "url": "https://opencollective.com/unified"
      }
    },
    "../../node_modules/.pnpm/vitest@2.1.9_@types+node@24.13.3_jsdom@23.2.0_lightningcss@1.33.0_sass-embedded@1.100.0_sass@1.101.3/node_modules/vitest": {
      "version": "2.1.9",
      "dev": true,
      "license": "MIT",
      "dependencies": {
        "@vitest/expect": "2.1.9",
        "@vitest/mocker": "2.1.9",
        "@vitest/pretty-format": "^2.1.9",
        "@vitest/runner": "2.1.9",
        "@vitest/snapshot": "2.1.9",
        "@vitest/spy": "2.1.9",
        "@vitest/utils": "2.1.9",
        "chai": "^5.1.2",
        "debug": "^4.3.7",
        "expect-type": "^1.1.0",
        "magic-string": "^0.30.12",
        "pathe": "^1.1.2",
        "std-env": "^3.8.0",
        "tinybench": "^2.9.0",
        "tinyexec": "^0.3.1",
        "tinypool": "^1.0.1",
        "tinyrainbow": "^1.2.0",
        "vite": "^5.0.0",
        "vite-node": "2.1.9",
        "why-is-node-running": "^2.3.0"
      },
      "bin": {
        "vitest": "vitest.mjs"
      },
      "devDependencies": {
        "@ampproject/remapping": "^2.3.0",
        "@antfu/install-pkg": "^0.4.1",
        "@edge-runtime/vm": "^4.0.4",
        "@sinonjs/fake-timers": "11.1.0",
        "@types/debug": "^4.1.12",
        "@types/estree": "^1.0.6",
        "@types/istanbul-lib-coverage": "^2.0.6",
        "@types/istanbul-reports": "^3.0.4",
        "@types/jsdom": "^21.1.7",
        "@types/micromatch": "^4.0.9",
        "@types/node": "^22.9.0",
        "@types/prompts": "^2.4.9",
        "@types/sinonjs__fake-timers": "^8.1.5",
        "acorn-walk": "^8.3.4",
        "birpc": "0.2.19",
        "cac": "^6.7.14",
        "chai-subset": "^1.6.0",
        "cli-truncate": "^4.0.0",
        "fast-glob": "3.3.2",
        "find-up": "^6.3.0",
        "flatted": "^3.3.1",
        "get-tsconfig": "^4.8.1",
        "happy-dom": "^15.11.4",
        "jsdom": "^25.0.1",
        "local-pkg": "^0.5.0",
        "log-update": "^5.0.1",
        "micromatch": "^4.0.8",
        "pretty-format": "^29.7.0",
        "prompts": "^2.4.2",
        "strip-literal": "^2.1.0",
        "ws": "^8.18.0"
      },
      "engines": {
        "node": "^18.0.0 || >=20.0.0"
      },
      "funding": {
        "url": "https://opencollective.com/vitest"
      },
      "peerDependencies": {
        "@edge-runtime/vm": "*",
        "@types/node": "^18.0.0 || >=20.0.0",
        "@vitest/browser": "2.1.9",
        "@vitest/ui": "2.1.9",
        "happy-dom": "*",
        "jsdom": "*"
      },
      "peerDependenciesMeta": {
        "@edge-runtime/vm": {
          "optional": true
        },
        "@types/node": {
          "optional": true
        },
        "@vitest/browser": {
          "optional": true
        },
        "@vitest/ui": {
          "optional": true
        },
        "happy-dom": {
          "optional": true
        },
        "jsdom": {
          "optional": true
        }
      }
    },
    "../types": {
      "name": "@quartz-community/types",
      "version": "0.2.1",
      "license": "MIT",
      "dependencies": {
        "unified": "^11.0.5",
        "vfile": "^6.0.3"
      },
      "devDependencies": {
        "@types/hast": "^3.0.4",
        "@types/mdast": "^4.0.4",
        "tsup": "^8.5.0",
        "typescript": "^5.9.3"
      },
      "engines": {
        "node": ">=22",
        "npm": ">=10.9.2"
      },
      "peerDependencies": {
        "unified": "^11.0.5",
        "vfile": "^6.0.3"
      },
      "peerDependenciesMeta": {
        "unified": {
          "optional": true
        },
        "vfile": {
          "optional": true
        }
      }
    },
    "../types/node_modules/@types/hast": {
      "resolved": "../../node_modules/.pnpm/@types+hast@3.0.5/node_modules/@types/hast",
      "link": true
    },
    "../types/node_modules/@types/mdast": {
      "resolved": "../../node_modules/.pnpm/@types+mdast@4.0.4/node_modules/@types/mdast",
      "link": true
    },
    "../types/node_modules/tsup": {
      "resolved": "../../node_modules/.pnpm/tsup@8.5.1_postcss@8.5.22_tsx@4.23.1_typescript@5.9.3_yaml@2.9.0/node_modules/tsup",
      "link": true
    },
    "../types/node_modules/typescript": {
      "resolved": "../../node_modules/.pnpm/typescript@5.9.3/node_modules/typescript",
      "link": true
    },
    "../types/node_modules/unified": {
      "resolved": "../../node_modules/.pnpm/unified@11.0.5/node_modules/unified",
      "link": true
    },
    "../types/node_modules/vfile": {
      "resolved": "../../node_modules/.pnpm/vfile@6.0.3/node_modules/vfile",
      "link": true
    },
    "../utils": {
      "name": "@quartz-community/utils",
      "version": "0.1.0",
      "license": "MIT",
      "dependencies": {
        "@quartz-community/types": "^0.2.1"
      },
      "devDependencies": {
        "@types/node": "^24.10.0",
        "@typescript-eslint/eslint-plugin": "^7.18.0",
        "@typescript-eslint/parser": "^7.18.0",
        "eslint": "^8.57.0",
        "eslint-config-prettier": "^9.1.0",
        "github-slugger": "^2.0.0",
        "hast": "^0.0.2",
        "hast-util-to-jsx-runtime": "^2.3.6",
        "prettier": "^3.6.2",
        "tsup": "^8.5.0",
        "typescript": "^5.9.3",
        "vitest": "^2.1.9"
      },
      "engines": {
        "node": ">=22",
        "npm": ">=10.9.2"
      },
      "peerDependencies": {
        "github-slugger": "^2.0.0",
        "hast-util-to-jsx-runtime": "^2.3.6",
        "preact": "^10.0.0"
      },
      "peerDependenciesMeta": {
        "github-slugger": {
          "optional": true
        },
        "hast-util-to-jsx-runtime": {
          "optional": true
        }
      }
    },
    "../utils/node_modules/@quartz-community/types": {
      "resolved": "../types",
      "link": true
    },
    "../utils/node_modules/@types/node": {
      "resolved": "../../node_modules/.pnpm/@types+node@24.13.3/node_modules/@types/node",
      "link": true
    },
    "../utils/node_modules/@typescript-eslint/eslint-plugin": {
      "resolved": "../../node_modules/.pnpm/@typescript-eslint+eslint-plugin@7.18.0_@typescript-eslint+parser@7.18.0_eslint@8.57.1__8913d4bf05924a02a609c10a2088d6a4/node_modules/@typescript-eslint/eslint-plugin",
      "link": true
    },
    "../utils/node_modules/@typescript-eslint/parser": {
      "resolved": "../../node_modules/.pnpm/@typescript-eslint+parser@7.18.0_eslint@8.57.1_typescript@5.9.3/node_modules/@typescript-eslint/parser",
      "link": true
    },
    "../utils/node_modules/eslint": {
      "resolved": "../../node_modules/.pnpm/eslint@8.57.1/node_modules/eslint",
      "link": true
    },
    "../utils/node_modules/eslint-config-prettier": {
      "resolved": "../../node_modules/.pnpm/eslint-config-prettier@9.1.2_eslint@8.57.1/node_modules/eslint-config-prettier",
      "link": true
    },
    "../utils/node_modules/github-slugger": {
      "resolved": "../../node_modules/.pnpm/github-slugger@2.0.0/node_modules/github-slugger",
      "link": true
    },
    "../utils/node_modules/hast": {
      "resolved": "../../node_modules/.pnpm/hast@0.0.2/node_modules/hast",
      "link": true
    },
    "../utils/node_modules/hast-util-to-jsx-runtime": {
      "resolved": "../../node_modules/.pnpm/hast-util-to-jsx-runtime@2.3.6/node_modules/hast-util-to-jsx-runtime",
      "link": true
    },
    "../utils/node_modules/preact": {
      "resolved": "../../node_modules/.pnpm/preact@10.29.7_preact-render-to-string@6.7.0/node_modules/preact",
      "link": true
    },
    "../utils/node_modules/prettier": {
      "resolved": "../../node_modules/.pnpm/prettier@3.9.6/node_modules/prettier",
      "link": true
    },
    "../utils/node_modules/tsup": {
      "resolved": "../../node_modules/.pnpm/tsup@8.5.1_postcss@8.5.22_tsx@4.23.1_typescript@5.9.3_yaml@2.9.0/node_modules/tsup",
      "link": true
    },
    "../utils/node_modules/typescript": {
      "resolved": "../../node_modules/.pnpm/typescript@5.9.3/node_modules/typescript",
      "link": true
    },
    "../utils/node_modules/vitest": {
      "resolved": "../../node_modules/.pnpm/vitest@2.1.9_@types+node@24.13.3_jsdom@23.2.0_lightningcss@1.33.0_sass-embedded@1.100.0_sass@1.101.3/node_modules/vitest",
      "link": true
    },
    "node_modules/@quartz-community/types": {
      "resolved": "../types",
      "link": true
    },
    "node_modules/@quartz-community/utils": {
      "resolved": "../utils",
      "link": true
    },
    "node_modules/@types/hast": {
      "resolved": "../../node_modules/.pnpm/@types+hast@3.0.5/node_modules/@types/hast",
      "link": true
    },
    "node_modules/@types/mdast": {
      "resolved": "../../node_modules/.pnpm/@types+mdast@4.0.4/node_modules/@types/mdast",
      "link": true
    },
    "node_modules/@types/node": {
      "resolved": "../../node_modules/.pnpm/@types+node@24.13.3/node_modules/@types/node",
      "link": true
    },
    "node_modules/@typescript-eslint/eslint-plugin": {
      "resolved": "../../node_modules/.pnpm/@typescript-eslint+eslint-plugin@7.18.0_@typescript-eslint+parser@7.18.0_eslint@8.57.1__8913d4bf05924a02a609c10a2088d6a4/node_modules/@typescript-eslint/eslint-plugin",
      "link": true
    },
    "node_modules/@typescript-eslint/parser": {
      "resolved": "../../node_modules/.pnpm/@typescript-eslint+parser@7.18.0_eslint@8.57.1_typescript@5.9.3/node_modules/@typescript-eslint/parser",
      "link": true
    },
    "node_modules/eslint": {
      "resolved": "../../node_modules/.pnpm/eslint@8.57.1/node_modules/eslint",
      "link": true
    },
    "node_modules/eslint-config-prettier": {
      "resolved": "../../node_modules/.pnpm/eslint-config-prettier@9.1.2_eslint@8.57.1/node_modules/eslint-config-prettier",
      "link": true
    },
    "node_modules/github-slugger": {
      "resolved": "../../node_modules/.pnpm/github-slugger@2.0.0/node_modules/github-slugger",
      "link": true
    },
    "node_modules/hast-util-to-jsx-runtime": {
      "resolved": "../../node_modules/.pnpm/hast-util-to-jsx-runtime@2.3.6/node_modules/hast-util-to-jsx-runtime",
      "link": true
    },
    "node_modules/preact": {
      "resolved": "../../node_modules/.pnpm/preact@10.29.7_preact-render-to-string@6.7.0/node_modules/preact",
      "link": true
    },
    "node_modules/prettier": {
      "resolved": "../../node_modules/.pnpm/prettier@3.9.6/node_modules/prettier",
      "link": true
    },
    "node_modules/reading-time": {
      "resolved": "../../node_modules/.pnpm/reading-time@1.5.0/node_modules/reading-time",
      "link": true
    },
    "node_modules/satori": {
      "resolved": "../../node_modules/.pnpm/satori@0.12.2/node_modules/satori",
      "link": true
    },
    "node_modules/sharp": {
      "resolved": "../../node_modules/.pnpm/sharp@0.34.5/node_modules/sharp",
      "link": true
    },
    "node_modules/tsup": {
      "resolved": "../../node_modules/.pnpm/tsup@8.5.1_postcss@8.5.22_tsx@4.23.1_typescript@5.9.3_yaml@2.9.0/node_modules/tsup",
      "link": true
    },
    "node_modules/typescript": {
      "resolved": "../../node_modules/.pnpm/typescript@5.9.3/node_modules/typescript",
      "link": true
    },
    "node_modules/vfile": {
      "resolved": "../../node_modules/.pnpm/vfile@6.0.3/node_modules/vfile",
      "link": true
    },
    "node_modules/vitest": {
      "resolved": "../../node_modules/.pnpm/vitest@2.1.9_@types+node@24.13.3_jsdom@23.2.0_lightningcss@1.33.0_sass-embedded@1.100.0_sass@1.101.3/node_modules/vitest",
      "link": true
    }
  }
}
